
Microsoft Visual Studio Solution File, Format Version 12.00
# Visual Studio Version 17
VisualStudioVersion = 17.4.33122.133
MinimumVisualStudioVersion = 10.0.40219.1
Project("{9A19103F-16F7-4668-BE54-9A1E7A4F7556}") = "ERD-Shop.Store", "ERD-Shop.Store.csproj", "{7DEFE684-60B1-48A8-B0B1-22ABA3BD26A0}"
EndProject
Project("{9A19103F-16F7-4668-BE54-9A1E7A4F7556}") = "ERD-Shop.Order", "..\ERD-Shop.Order\ERD-Shop.Order.csproj", "{2BEF3064-1FF2-48F3-BC78-DA731178579D}"
EndProject
Global
	GlobalSection(SolutionConfigurationPlatforms) = preSolution
		Debug|Any CPU = Debug|Any CPU
		Release|Any CPU = Release|Any CPU
	EndGlobalSection
	GlobalSection(ProjectConfigurationPlatforms) = postSolution
		{7DEFE684-60B1-48A8-B0B1-22ABA3BD26A0}.Debug|Any CPU.ActiveCfg = Debug|Any CPU
		{7DEFE684-60B1-48A8-B0B1-22ABA3BD26A0}.Debug|Any CPU.Build.0 = Debug|Any CPU
		{7DEFE684-60B1-48A8-B0B1-22ABA3BD26A0}.Release|Any CPU.ActiveCfg = Release|Any CPU
		{7DEFE684-60B1-48A8-B0B1-22ABA3BD26A0}.Release|Any CPU.Build.0 = Release|Any CPU
		{2BEF3064-1FF2-48F3-BC78-DA731178579D}.Debug|Any CPU.ActiveCfg = Debug|Any CPU
		{2BEF3064-1FF2-48F3-BC78-DA731178579D}.Debug|Any CPU.Build.0 = Debug|Any CPU
		{2BEF3064-1FF2-48F3-BC78-DA731178579D}.Release|Any CPU.ActiveCfg = Release|Any CPU
		{2BEF3064-1FF2-48F3-BC78-DA731178579D}.Release|Any CPU.Build.0 = Release|Any CPU
	EndGlobalSection
	GlobalSection(SolutionProperties) = preSolution
		HideSolutionNode = FALSE
	EndGlobalSection
	GlobalSection(ExtensibilityGlobals) = postSolution
		SolutionGuid = {BF207D91-0B6E-4667-A4BC-C22113F79CCC}
	EndGlobalSection
EndGlobal
